// !$*UTF8*$!
{
	archiveVersion = 1;
	classes = {
	};
	objectVersion = 50;
	objects = {

/* Begin PBXBuildFile section */
		28014FE62237F5490023C556 /* main.swift in Sources */ = {isa = PBXBuildFile; fileRef = 28014FE52237F5490023C556 /* main.swift */; };
		2836F2E422B134EB0016DABB /* Fruits.plist in CopyFiles */ = {isa = PBXBuildFile; fileRef = 2836F2E122B132230016DABB /* Fruits.plist */; };
		2836F2E622B1360F0016DABB /* Preferences.swift in Sources */ = {isa = PBXBuildFile; fileRef = 2836F2E522B1360F0016DABB /* Preferences.swift */; };
		2836F2E922B136640016DABB /* Preferences.plist in CopyFiles */ = {isa = PBXBuildFile; fileRef = 2836F2E822B136370016DABB /* Preferences.plist */; };
		2836F2EC22B13FAA0016DABB /* SampleData.txt in CopyFiles */ = {isa = PBXBuildFile; fileRef = 2836F2EB22B13DEE0016DABB /* SampleData.txt */; };
		2836F2EE22B142170016DABB /* String+Extension.swift in Sources */ = {isa = PBXBuildFile; fileRef = 2836F2ED22B142170016DABB /* String+Extension.swift */; };
		2836F2F122B3F9550016DABB /* Users.json in CopyFiles */ = {isa = PBXBuildFile; fileRef = 2836F2F022B3F8EE0016DABB /* Users.json */; };
		289687CF22C3AA9A00AA1E44 /* Date+Extension.swift in Sources */ = {isa = PBXBuildFile; fileRef = 289687CE22C3AA9A00AA1E44 /* Date+Extension.swift */; };
		289687D122C3AAEC00AA1E44 /* Int+Extension.swift in Sources */ = {isa = PBXBuildFile; fileRef = 289687D022C3AAEC00AA1E44 /* Int+Extension.swift */; };
/* End PBXBuildFile section */

/* Begin PBXCopyFilesBuildPhase section */
		28014FE02237F5490023C556 /* CopyFiles */ = {
			isa = PBXCopyFilesBuildPhase;
			buildActionMask = 8;
			dstPath = /usr/share/man/man1/;
			dstSubfolderSpec = 0;
			files = (
			);
			runOnlyForDeploymentPostprocessing = 1;
		};
		2836F2E322B134DA0016DABB /* CopyFiles */ = {
			isa = PBXCopyFilesBuildPhase;
			buildActionMask = 2147483647;
			dstPath = "";
			dstSubfolderSpec = 7;
			files = (
				2836F2F122B3F9550016DABB /* Users.json in CopyFiles */,
				2836F2EC22B13FAA0016DABB /* SampleData.txt in CopyFiles */,
				2836F2E922B136640016DABB /* Preferences.plist in CopyFiles */,
				2836F2E422B134EB0016DABB /* Fruits.plist in CopyFiles */,
			);
			runOnlyForDeploymentPostprocessing = 0;
		};
/* End PBXCopyFilesBuildPhase section */

/* Begin PBXFileReference section */
		28014FE22237F5490023C556 /* SwiftCommandLineToolsExample */ = {isa = PBXFileReference; explicitFileType = "compiled.mach-o.executable"; includeInIndex = 0; path = SwiftCommandLineToolsExample; sourceTree = BUILT_PRODUCTS_DIR; };
		28014FE52237F5490023C556 /* main.swift */ = {isa = PBXFileReference; lastKnownFileType = sourcecode.swift; path = main.swift; sourceTree = "<group>"; };
		2836F2E122B132230016DABB /* Fruits.plist */ = {isa = PBXFileReference; lastKnownFileType = text.plist.xml; path = Fruits.plist; sourceTree = "<group>"; };
		2836F2E522B1360F0016DABB /* Preferences.swift */ = {isa = PBXFileReference; lastKnownFileType = sourcecode.swift; path = Preferences.swift; sourceTree = "<group>"; };
		2836F2E822B136370016DABB /* Preferences.plist */ = {isa = PBXFileReference; lastKnownFileType = text.plist.xml; path = Preferences.plist; sourceTree = "<group>"; };
		2836F2EB22B13DEE0016DABB /* SampleData.txt */ = {isa = PBXFileReference; lastKnownFileType = text; path = SampleData.txt; sourceTree = "<group>"; };
		2836F2ED22B142170016DABB /* String+Extension.swift */ = {isa = PBXFileReference; lastKnownFileType = sourcecode.swift; path = "String+Extension.swift"; sourceTree = "<group>"; };
		2836F2F022B3F8EE0016DABB /* Users.json */ = {isa = PBXFileReference; lastKnownFileType = text.json; path = Users.json; sourceTree = "<group>"; };
		289687CE22C3AA9A00AA1E44 /* Date+Extension.swift */ = {isa = PBXFileReference; lastKnownFileType = sourcecode.swift; path = "Date+Extension.swift"; sourceTree = "<group>"; };
		289687D022C3AAEC00AA1E44 /* Int+Extension.swift */ = {isa = PBXFileReference; lastKnownFileType = sourcecode.swift; path = "Int+Extension.swift"; sourceTree = "<group>"; };
/* End PBXFileReference section */

/* Begin PBXFrameworksBuildPhase section */
		28014FDF2237F5490023C556 /* Frameworks */ = {
			isa = PBXFrameworksBuildPhase;
			buildActionMask = 2147483647;
			files = (
			);
			runOnlyForDeploymentPostprocessing = 0;
		};
/* End PBXFrameworksBuildPhase section */

/* Begin PBXGroup section */
		28014FD92237F5490023C556 = {
			isa = PBXGroup;
			children = (
				28014FE42237F5490023C556 /* SwiftCommandLineToolsExample */,
				28014FE32237F5490023C556 /* Products */,
			);
			sourceTree = "<group>";
		};
		28014FE32237F5490023C556 /* Products */ = {
			isa = PBXGroup;
			children = (
				28014FE22237F5490023C556 /* SwiftCommandLineToolsExample */,
			);
			name = Products;
			sourceTree = "<group>";
		};
		28014FE42237F5490023C556 /* SwiftCommandLineToolsExample */ = {
			isa = PBXGroup;
			children = (
				289687D222C3AB0C00AA1E44 /* Extensions */,
				2836F2EF22B3F8CF0016DABB /* handling_json */,
				2836F2EA22B13DC60016DABB /* ReadTextFiles */,
				2836F2E722B136200016DABB /* Other */,
				28014FE52237F5490023C556 /* main.swift */,
				2836F2E122B132230016DABB /* Fruits.plist */,
			);
			path = SwiftCommandLineToolsExample;
			sourceTree = "<group>";
		};
		2836F2E722B136200016DABB /* Other */ = {
			isa = PBXGroup;
			children = (
				2836F2E522B1360F0016DABB /* Preferences.swift */,
				2836F2E822B136370016DABB /* Preferences.plist */,
			);
			path = Other;
			sourceTree = "<group>";
		};
		2836F2EA22B13DC60016DABB /* ReadTextFiles */ = {
			isa = PBXGroup;
			children = (
				2836F2EB22B13DEE0016DABB /* SampleData.txt */,
				2836F2ED22B142170016DABB /* String+Extension.swift */,
			);
			path = ReadTextFiles;
			sourceTree = "<group>";
		};
		2836F2EF22B3F8CF0016DABB /* handling_json */ = {
			isa = PBXGroup;
			children = (
				2836F2F022B3F8EE0016DABB /* Users.json */,
			);
			path = handling_json;
			sourceTree = "<group>";
		};
		289687D222C3AB0C00AA1E44 /* Extensions */ = {
			isa = PBXGroup;
			children = (
				289687CE22C3AA9A00AA1E44 /* Date+Extension.swift */,
				289687D022C3AAEC00AA1E44 /* Int+Extension.swift */,
			);
			path = Extensions;
			sourceTree = "<group>";
		};
/* End PBXGroup section */

/* Begin PBXNativeTarget section */
		28014FE12237F5490023C556 /* SwiftCommandLineToolsExample */ = {
			isa = PBXNativeTarget;
			buildConfigurationList = 28014FE92237F5490023C556 /* Build configuration list for PBXNativeTarget "SwiftCommandLineToolsExample" */;
			buildPhases = (
				28014FDE2237F5490023C556 /* Sources */,
				28014FDF2237F5490023C556 /* Frameworks */,
				28014FE02237F5490023C556 /* CopyFiles */,
				28014FED2237F84E0023C556 /* ShellScript */,
				2836F2E322B134DA0016DABB /* CopyFiles */,
			);
			buildRules = (
			);
			dependencies = (
			);
			name = SwiftCommandLineToolsExample;
			productName = SwiftCommandLineToolsExample;
			productReference = 28014FE22237F5490023C556 /* SwiftCommandLineToolsExample */;
			productType = "com.apple.product-type.tool";
		};
/* End PBXNativeTarget section */

/* Begin PBXProject section */
		28014FDA2237F5490023C556 /* Project object */ = {
			isa = PBXProject;
			attributes = {
				LastSwiftUpdateCheck = 1010;
				LastUpgradeCheck = 1010;
				ORGANIZATIONNAME = MoxDroid;
				TargetAttributes = {
					28014FE12237F5490023C556 = {
						CreatedOnToolsVersion = 10.1;
					};
				};
			};
			buildConfigurationList = 28014FDD2237F5490023C556 /* Build configuration list for PBXProject "SwiftCommandLineToolsExample" */;
			compatibilityVersion = "Xcode 9.3";
			developmentRegion = en;
			hasScannedForEncodings = 0;
			knownRegions = (
				en,
			);
			mainGroup = 28014FD92237F5490023C556;
			productRefGroup = 28014FE32237F5490023C556 /* Products */;
			projectDirPath = "";
			projectRoot = "";
			targets = (
				28014FE12237F5490023C556 /* SwiftCommandLineToolsExample */,
			);
		};
/* End PBXProject section */

/* Begin PBXShellScriptBuildPhase section */
		28014FED2237F84E0023C556 /* ShellScript */ = {
			isa = PBXShellScriptBuildPhase;
			buildActionMask = 2147483647;
			files = (
			);
			inputFileListPaths = (
			);
			inputPaths = (
			);
			outputFileListPaths = (
			);
			outputPaths = (
			);
			runOnlyForDeploymentPostprocessing = 0;
			shellPath = /bin/sh;
			shellScript = "cp ${BUILT_PRODUCTS_DIR}/SwiftCommandLineToolsExample ${PROJECT_DIR}/bin\n";
		};
/* End PBXShellScriptBuildPhase section */

/* Begin PBXSourcesBuildPhase section */
		28014FDE2237F5490023C556 /* Sources */ = {
			isa = PBXSourcesBuildPhase;
			buildActionMask = 2147483647;
			files = (
				289687D122C3AAEC00AA1E44 /* Int+Extension.swift in Sources */,
				2836F2E622B1360F0016DABB /* Preferences.swift in Sources */,
				289687CF22C3AA9A00AA1E44 /* Date+Extension.swift in Sources */,
				2836F2EE22B142170016DABB /* String+Extension.swift in Sources */,
				28014FE62237F5490023C556 /* main.swift in Sources */,
			);
			runOnlyForDeploymentPostprocessing = 0;
		};
/* End PBXSourcesBuildPhase section */

/* Begin XCBuildConfiguration section */
		28014FE72237F5490023C556 /* Debug */ = {
			isa = XCBuildConfiguration;
			buildSettings = {
				ALWAYS_SEARCH_USER_PATHS = NO;
				CLANG_ANALYZER_NONNULL = YES;
				CLANG_ANALYZER_NUMBER_OBJECT_CONVERSION = YES_AGGRESSIVE;
				CLANG_CXX_LANGUAGE_STANDARD = "gnu++14";
				CLANG_CXX_LIBRARY = "libc++";
				CLANG_ENABLE_MODULES = YES;
				CLANG_ENABLE_OBJC_ARC = YES;
				CLANG_ENABLE_OBJC_WEAK = YES;
				CLANG_WARN_BLOCK_CAPTURE_AUTORELEASING = YES;
				CLANG_WARN_BOOL_CONVERSION = YES;
				CLANG_WARN_COMMA = YES;
				CLANG_WARN_CONSTANT_CONVERSION = YES;
				CLANG_WARN_DEPRECATED_OBJC_IMPLEMENTATIONS = YES;
				CLANG_WARN_DIRECT_OBJC_ISA_USAGE = YES_ERROR;
				CLANG_WARN_DOCUMENTATION_COMMENTS = YES;
				CLANG_WARN_EMPTY_BODY = YES;
				CLANG_WARN_ENUM_CONVERSION = YES;
				CLANG_WARN_INFINITE_RECURSION = YES;
				CLANG_WARN_INT_CONVERSION = YES;
				CLANG_WARN_NON_LITERAL_NULL_CONVERSION = YES;
				CLANG_WARN_OBJC_IMPLICIT_RETAIN_SELF = YES;
				CLANG_WARN_OBJC_LITERAL_CONVERSION = YES;
				CLANG_WARN_OBJC_ROOT_CLASS = YES_ERROR;
				CLANG_WARN_RANGE_LOOP_ANALYSIS = YES;
				CLANG_WARN_STRICT_PROTOTYPES = YES;
				CLANG_WARN_SUSPICIOUS_MOVE = YES;
				CLANG_WARN_UNGUARDED_AVAILABILITY = YES_AGGRESSIVE;
				CLANG_WARN_UNREACHABLE_CODE = YES;
				CLANG_WARN__DUPLICATE_METHOD_MATCH = YES;
				CODE_SIGN_IDENTITY = "Mac Developer";
				COPY_PHASE_STRIP = NO;
				DEBUG_INFORMATION_FORMAT = dwarf;
				ENABLE_STRICT_OBJC_MSGSEND = YES;
				ENABLE_TESTABILITY = YES;
				GCC_C_LANGUAGE_STANDARD = gnu11;
				GCC_DYNAMIC_NO_PIC = NO;
				GCC_NO_COMMON_BLOCKS = YES;
				GCC_OPTIMIZATION_LEVEL = 0;
				GCC_PREPROCESSOR_DEFINITIONS = (
					"DEBUG=1",
					"$(inherited)",
				);
				GCC_WARN_64_TO_32_BIT_CONVERSION = YES;
				GCC_WARN_ABOUT_RETURN_TYPE = YES_ERROR;
				GCC_WARN_UNDECLARED_SELECTOR = YES;
				GCC_WARN_UNINITIALIZED_AUTOS = YES_AGGRESSIVE;
				GCC_WARN_UNUSED_FUNCTION = YES;
				GCC_WARN_UNUSED_VARIABLE = YES;
				MACOSX_DEPLOYMENT_TARGET = 10.14;
				MTL_ENABLE_DEBUG_INFO = INCLUDE_SOURCE;
				MTL_FAST_MATH = YES;
				ONLY_ACTIVE_ARCH = YES;
				SDKROOT = macosx;
				SWIFT_ACTIVE_COMPILATION_CONDITIONS = DEBUG;
				SWIFT_OPTIMIZATION_LEVEL = "-Onone";
			};
			name = Debug;
		};
		28014FE82237F5490023C556 /* Release */ = {
			isa = XCBuildConfiguration;
			buildSettings = {
				ALWAYS_SEARCH_USER_PATHS = NO;
				CLANG_ANALYZER_NONNULL = YES;
				CLANG_ANALYZER_NUMBER_OBJECT_CONVERSION = YES_AGGRESSIVE;
				CLANG_CXX_LANGUAGE_STANDARD = "gnu++14";
				CLANG_CXX_LIBRARY = "libc++";
				CLANG_ENABLE_MODULES = YES;
				CLANG_ENABLE_OBJC_ARC = YES;
				CLANG_ENABLE_OBJC_WEAK = YES;
				CLANG_WARN_BLOCK_CAPTURE_AUTORELEASING = YES;
				CLANG_WARN_BOOL_CONVERSION = YES;
				CLANG_WARN_COMMA = YES;
				CLANG_WARN_CONSTANT_CONVERSION = YES;
				CLANG_WARN_DEPRECATED_OBJC_IMPLEMENTATIONS = YES;
				CLANG_WARN_DIRECT_OBJC_ISA_USAGE = YES_ERROR;
				CLANG_WARN_DOCUMENTATION_COMMENTS = YES;
				CLANG_WARN_EMPTY_BODY = YES;
				CLANG_WARN_ENUM_CONVERSION = YES;
				CLANG_WARN_INFINITE_RECURSION = YES;
				CLANG_WARN_INT_CONVERSION = YES;
				CLANG_WARN_NON_LITERAL_NULL_CONVERSION = YES;
				CLANG_WARN_OBJC_IMPLICIT_RETAIN_SELF = YES;
				CLANG_WARN_OBJC_LITERAL_CONVERSION = YES;
				CLANG_WARN_OBJC_ROOT_CLASS = YES_ERROR;
				CLANG_WARN_RANGE_LOOP_ANALYSIS = YES;
				CLANG_WARN_STRICT_PROTOTYPES = YES;
				CLANG_WARN_SUSPICIOUS_MOVE = YES;
				CLANG_WARN_UNGUARDED_AVAILABILITY = YES_AGGRESSIVE;
				CLANG_WARN_UNREACHABLE_CODE = YES;
				CLANG_WARN__DUPLICATE_METHOD_MATCH = YES;
				CODE_SIGN_IDENTITY = "Mac Developer";
				COPY_PHASE_STRIP = NO;
				DEBUG_INFORMATION_FORMAT = "dwarf-with-dsym";
				ENABLE_NS_ASSERTIONS = NO;
				ENABLE_STRICT_OBJC_MSGSEND = YES;
				GCC_C_LANGUAGE_STANDARD = gnu11;
				GCC_NO_COMMON_BLOCKS = YES;
				GCC_WARN_64_TO_32_BIT_CONVERSION = YES;
				GCC_WARN_ABOUT_RETURN_TYPE = YES_ERROR;
				GCC_WARN_UNDECLARED_SELECTOR = YES;
				GCC_WARN_UNINITIALIZED_AUTOS = YES_AGGRESSIVE;
				GCC_WARN_UNUSED_FUNCTION = YES;
				GCC_WARN_UNUSED_VARIABLE = YES;
				MACOSX_DEPLOYMENT_TARGET = 10.14;
				MTL_ENABLE_DEBUG_INFO = NO;
				MTL_FAST_MATH = YES;
				SDKROOT = macosx;
				SWIFT_COMPILATION_MODE = wholemodule;
				SWIFT_OPTIMIZATION_LEVEL = "-O";
			};
			name = Release;
		};
		28014FEA2237F5490023C556 /* Debug */ = {
			isa = XCBuildConfiguration;
			buildSettings = {
				CODE_SIGN_STYLE = Automatic;
				DEVELOPMENT_TEAM = 7B7KJQCFCP;
				PRODUCT_NAME = "$(TARGET_NAME)";
				SWIFT_VERSION = 4.2;
			};
			name = Debug;
		};
		28014FEB2237F5490023C556 /* Release */ = {
			isa = XCBuildConfiguration;
			buildSettings = {
				CODE_SIGN_STYLE = Automatic;
				DEVELOPMENT_TEAM = 7B7KJQCFCP;
				PRODUCT_NAME = "$(TARGET_NAME)";
				SWIFT_VERSION = 4.2;
			};
			name = Release;
		};
/* End XCBuildConfiguration section */

/* Begin XCConfigurationList section */
		28014FDD2237F5490023C556 /* Build configuration list for PBXProject "SwiftCommandLineToolsExample" */ = {
			isa = XCConfigurationList;
			buildConfigurations = (
				28014FE72237F5490023C556 /* Debug */,
				28014FE82237F5490023C556 /* Release */,
			);
			defaultConfigurationIsVisible = 0;
			defaultConfigurationName = Release;
		};
		28014FE92237F5490023C556 /* Build configuration list for PBXNativeTarget "SwiftCommandLineToolsExample" */ = {
			isa = XCConfigurationList;
			buildConfigurations = (
				28014FEA2237F5490023C556 /* Debug */,
				28014FEB2237F5490023C556 /* Release */,
			);
			defaultConfigurationIsVisible = 0;
			defaultConfigurationName = Release;
		};
/* End XCConfigurationList section */
	};
	rootObject = 28014FDA2237F5490023C556 /* Project object */;
}
